// !$*UTF8*$!
{
	archiveVersion = 1;
	classes = {
	};
	objectVersion = 50;
	objects = {

/* Begin PBXBuildFile section */
		799F381A2536243300AE04DE /* utility.cpp in Sources */ = {isa = PBXBuildFile; fileRef = 799F380F2536243300AE04DE /* utility.cpp */; };
		799F381B2536243300AE04DE /* color.cpp in Sources */ = {isa = PBXBuildFile; fileRef = 799F38122536243300AE04DE /* color.cpp */; };
		799F381C2536243300AE04DE /* test.cpp in Sources */ = {isa = PBXBuildFile; fileRef = 799F38132536243300AE04DE /* test.cpp */; };
		799F381D2536243300AE04DE /* ohhi.cpp in Sources */ = {isa = PBXBuildFile; fileRef = 799F38142536243300AE04DE /* ohhi.cpp */; };
		799F381E2536243300AE04DE /* main.cpp in Sources */ = {isa = PBXBuildFile; fileRef = 799F38162536243300AE04DE /* main.cpp */; };
		799F381F2536243300AE04DE /* driver.cpp in Sources */ = {isa = PBXBuildFile; fileRef = 799F38182536243300AE04DE /* driver.cpp */; };
		799F38202536243300AE04DE /* start.cpp in Sources */ = {isa = PBXBuildFile; fileRef = 799F38192536243300AE04DE /* start.cpp */; };
/* End PBXBuildFile section */

/* Begin PBXCopyFilesBuildPhase section */
		799F3802253623F300AE04DE /* CopyFiles */ = {
			isa = PBXCopyFilesBuildPhase;
			buildActionMask = 2147483647;
			dstPath = /usr/share/man/man1/;
			dstSubfolderSpec = 0;
			files = (
			);
			runOnlyForDeploymentPostprocessing = 1;
		};
/* End PBXCopyFilesBuildPhase section */

/* Begin PBXFileReference section */
		799F3804253623F300AE04DE /* Project 3 */ = {isa = PBXFileReference; explicitFileType = "compiled.mach-o.executable"; includeInIndex = 0; path = "Project 3"; sourceTree = BUILT_PRODUCTS_DIR; };
		799F380F2536243300AE04DE /* utility.cpp */ = {isa = PBXFileReference; fileEncoding = 4; lastKnownFileType = sourcecode.cpp.cpp; path = utility.cpp; sourceTree = "<group>"; };
		799F38102536243300AE04DE /* ohhi.h */ = {isa = PBXFileReference; fileEncoding = 4; lastKnownFileType = sourcecode.c.h; path = ohhi.h; sourceTree = "<group>"; };
		799F38112536243300AE04DE /* utility.h */ = {isa = PBXFileReference; fileEncoding = 4; lastKnownFileType = sourcecode.c.h; path = utility.h; sourceTree = "<group>"; };
		799F38122536243300AE04DE /* color.cpp */ = {isa = PBXFileReference; fileEncoding = 4; lastKnownFileType = sourcecode.cpp.cpp; path = color.cpp; sourceTree = "<group>"; };
		799F38132536243300AE04DE /* test.cpp */ = {isa = PBXFileReference; fileEncoding = 4; lastKnownFileType = sourcecode.cpp.cpp; path = test.cpp; sourceTree = "<group>"; };
		799F38142536243300AE04DE /* ohhi.cpp */ = {isa = PBXFileReference; fileEncoding = 4; lastKnownFileType = sourcecode.cpp.cpp; path = ohhi.cpp; sourceTree = "<group>"; };
		799F38152536243300AE04DE /* color.h */ = {isa = PBXFileReference; fileEncoding = 4; lastKnownFileType = sourcecode.c.h; path = color.h; sourceTree = "<group>"; };
		799F38162536243300AE04DE /* main.cpp */ = {isa = PBXFileReference; fileEncoding = 4; lastKnownFileType = sourcecode.cpp.cpp; name = main.cpp; path = "../../../starter-files (2)/main.cpp"; sourceTree = "<group>"; };
		799F38172536243300AE04DE /* driver.h */ = {isa = PBXFileReference; fileEncoding = 4; lastKnownFileType = sourcecode.c.h; path = driver.h; sourceTree = "<group>"; };
		799F38182536243300AE04DE /* driver.cpp */ = {isa = PBXFileReference; fileEncoding = 4; lastKnownFileType = sourcecode.cpp.cpp; path = driver.cpp; sourceTree = "<group>"; };
		799F38192536243300AE04DE /* start.cpp */ = {isa = PBXFileReference; fileEncoding = 4; lastKnownFileType = sourcecode.cpp.cpp; path = start.cpp; sourceTree = "<group>"; };
/* End PBXFileReference section */

/* Begin PBXFrameworksBuildPhase section */
		799F3801253623F300AE04DE /* Frameworks */ = {
			isa = PBXFrameworksBuildPhase;
			buildActionMask = 2147483647;
			files = (
			);
			runOnlyForDeploymentPostprocessing = 0;
		};
/* End PBXFrameworksBuildPhase section */

/* Begin PBXGroup section */
		799F37FB253623F200AE04DE = {
			isa = PBXGroup;
			children = (
				799F3806253623F300AE04DE /* Project 3 */,
				799F3805253623F300AE04DE /* Products */,
			);
			sourceTree = "<group>";
		};
		799F3805253623F300AE04DE /* Products */ = {
			isa = PBXGroup;
			children = (
				799F3804253623F300AE04DE /* Project 3 */,
			);
			name = Products;
			sourceTree = "<group>";
		};
		799F3806253623F300AE04DE /* Project 3 */ = {
			isa = PBXGroup;
			children = (
				799F38122536243300AE04DE /* color.cpp */,
				799F38152536243300AE04DE /* color.h */,
				799F38182536243300AE04DE /* driver.cpp */,
				799F38172536243300AE04DE /* driver.h */,
				799F38162536243300AE04DE /* main.cpp */,
				799F38142536243300AE04DE /* ohhi.cpp */,
				799F38102536243300AE04DE /* ohhi.h */,
				799F38192536243300AE04DE /* start.cpp */,
				799F38132536243300AE04DE /* test.cpp */,
				799F380F2536243300AE04DE /* utility.cpp */,
				799F38112536243300AE04DE /* utility.h */,
			);
			path = "Project 3";
			sourceTree = "<group>";
		};
/* End PBXGroup section */

/* Begin PBXNativeTarget section */
		799F3803253623F300AE04DE /* Project 3 */ = {
			isa = PBXNativeTarget;
			buildConfigurationList = 799F380B253623F300AE04DE /* Build configuration list for PBXNativeTarget "Project 3" */;
			buildPhases = (
				799F3800253623F300AE04DE /* Sources */,
				799F3801253623F300AE04DE /* Frameworks */,
				799F3802253623F300AE04DE /* CopyFiles */,
			);
			buildRules = (
			);
			dependencies = (
			);
			name = "Project 3";
			productName = "Project 3";
			productReference = 799F3804253623F300AE04DE /* Project 3 */;
			productType = "com.apple.product-type.tool";
		};
/* End PBXNativeTarget section */

/* Begin PBXProject section */
		799F37FC253623F200AE04DE /* Project object */ = {
			isa = PBXProject;
			attributes = {
				LastUpgradeCheck = 1200;
				TargetAttributes = {
					799F3803253623F300AE04DE = {
						CreatedOnToolsVersion = 12.0.1;
					};
				};
			};
			buildConfigurationList = 799F37FF253623F200AE04DE /* Build configuration list for PBXProject "Project 3" */;
			compatibilityVersion = "Xcode 9.3";
			developmentRegion = en;
			hasScannedForEncodings = 0;
			knownRegions = (
				en,
				Base,
			);
			mainGroup = 799F37FB253623F200AE04DE;
			productRefGroup = 799F3805253623F300AE04DE /* Products */;
			projectDirPath = "";
			projectRoot = "";
			targets = (
				799F3803253623F300AE04DE /* Project 3 */,
			);
		};
/* End PBXProject section */

/* Begin PBXSourcesBuildPhase section */
		799F3800253623F300AE04DE /* Sources */ = {
			isa = PBXSourcesBuildPhase;
			buildActionMask = 2147483647;
			files = (
				799F38202536243300AE04DE /* start.cpp in Sources */,
				799F381B2536243300AE04DE /* color.cpp in Sources */,
				799F381C2536243300AE04DE /* test.cpp in Sources */,
				799F381F2536243300AE04DE /* driver.cpp in Sources */,
				799F381E2536243300AE04DE /* main.cpp in Sources */,
				799F381A2536243300AE04DE /* utility.cpp in Sources */,
				799F381D2536243300AE04DE /* ohhi.cpp in Sources */,
			);
			runOnlyForDeploymentPostprocessing = 0;
		};
/* End PBXSourcesBuildPhase section */

/* Begin XCBuildConfiguration section */
		799F3809253623F300AE04DE /* Debug */ = {
			isa = XCBuildConfiguration;
			buildSettings = {
				ALWAYS_SEARCH_USER_PATHS = NO;
				CLANG_ANALYZER_NONNULL = YES;
				CLANG_ANALYZER_NUMBER_OBJECT_CONVERSION = YES_AGGRESSIVE;
				CLANG_CXX_LANGUAGE_STANDARD = "gnu++14";
				CLANG_CXX_LIBRARY = "libc++";
				CLANG_ENABLE_MODULES = YES;
				CLANG_ENABLE_OBJC_ARC = YES;
				CLANG_ENABLE_OBJC_WEAK = YES;
				CLANG_WARN_BLOCK_CAPTURE_AUTORELEASING = YES;
				CLANG_WARN_BOOL_CONVERSION = YES;
				CLANG_WARN_COMMA = YES;
				CLANG_WARN_CONSTANT_CONVERSION = YES;
				CLANG_WARN_DEPRECATED_OBJC_IMPLEMENTATIONS = YES;
				CLANG_WARN_DIRECT_OBJC_ISA_USAGE = YES_ERROR;
				CLANG_WARN_DOCUMENTATION_COMMENTS = YES;
				CLANG_WARN_EMPTY_BODY = YES;
				CLANG_WARN_ENUM_CONVERSION = YES;
				CLANG_WARN_INFINITE_RECURSION = YES;
				CLANG_WARN_INT_CONVERSION = YES;
				CLANG_WARN_NON_LITERAL_NULL_CONVERSION = YES;
				CLANG_WARN_OBJC_IMPLICIT_RETAIN_SELF = YES;
				CLANG_WARN_OBJC_LITERAL_CONVERSION = YES;
				CLANG_WARN_OBJC_ROOT_CLASS = YES_ERROR;
				CLANG_WARN_QUOTED_INCLUDE_IN_FRAMEWORK_HEADER = YES;
				CLANG_WARN_RANGE_LOOP_ANALYSIS = YES;
				CLANG_WARN_STRICT_PROTOTYPES = YES;
				CLANG_WARN_SUSPICIOUS_MOVE = YES;
				CLANG_WARN_UNGUARDED_AVAILABILITY = YES_AGGRESSIVE;
				CLANG_WARN_UNREACHABLE_CODE = YES;
				CLANG_WARN__DUPLICATE_METHOD_MATCH = YES;
				COPY_PHASE_STRIP = NO;
				DEBUG_INFORMATION_FORMAT = dwarf;
				ENABLE_STRICT_OBJC_MSGSEND = YES;
				ENABLE_TESTABILITY = YES;
				GCC_C_LANGUAGE_STANDARD = gnu11;
				GCC_DYNAMIC_NO_PIC = NO;
				GCC_NO_COMMON_BLOCKS = YES;
				GCC_OPTIMIZATION_LEVEL = 0;
				GCC_PREPROCESSOR_DEFINITIONS = (
					"DEBUG=1",
					"$(inherited)",
				);
				GCC_WARN_64_TO_32_BIT_CONVERSION = YES;
				GCC_WARN_ABOUT_RETURN_TYPE = YES_ERROR;
				GCC_WARN_UNDECLARED_SELECTOR = YES;
				GCC_WARN_UNINITIALIZED_AUTOS = YES_AGGRESSIVE;
				GCC_WARN_UNUSED_FUNCTION = YES;
				GCC_WARN_UNUSED_VARIABLE = YES;
				MACOSX_DEPLOYMENT_TARGET = 10.15;
				MTL_ENABLE_DEBUG_INFO = INCLUDE_SOURCE;
				MTL_FAST_MATH = YES;
				ONLY_ACTIVE_ARCH = YES;
				SDKROOT = macosx;
			};
			name = Debug;
		};
		799F380A253623F300AE04DE /* Release */ = {
			isa = XCBuildConfiguration;
			buildSettings = {
				ALWAYS_SEARCH_USER_PATHS = NO;
				CLANG_ANALYZER_NONNULL = YES;
				CLANG_ANALYZER_NUMBER_OBJECT_CONVERSION = YES_AGGRESSIVE;
				CLANG_CXX_LANGUAGE_STANDARD = "gnu++14";
				CLANG_CXX_LIBRARY = "libc++";
				CLANG_ENABLE_MODULES = YES;
				CLANG_ENABLE_OBJC_ARC = YES;
				CLANG_ENABLE_OBJC_WEAK = YES;
				CLANG_WARN_BLOCK_CAPTURE_AUTORELEASING = YES;
				CLANG_WARN_BOOL_CONVERSION = YES;
				CLANG_WARN_COMMA = YES;
				CLANG_WARN_CONSTANT_CONVERSION = YES;
				CLANG_WARN_DEPRECATED_OBJC_IMPLEMENTATIONS = YES;
				CLANG_WARN_DIRECT_OBJC_ISA_USAGE = YES_ERROR;
				CLANG_WARN_DOCUMENTATION_COMMENTS = YES;
				CLANG_WARN_EMPTY_BODY = YES;
				CLANG_WARN_ENUM_CONVERSION = YES;
				CLANG_WARN_INFINITE_RECURSION = YES;
				CLANG_WARN_INT_CONVERSION = YES;
				CLANG_WARN_NON_LITERAL_NULL_CONVERSION = YES;
				CLANG_WARN_OBJC_IMPLICIT_RETAIN_SELF = YES;
				CLANG_WARN_OBJC_LITERAL_CONVERSION = YES;
				CLANG_WARN_OBJC_ROOT_CLASS = YES_ERROR;
				CLANG_WARN_QUOTED_INCLUDE_IN_FRAMEWORK_HEADER = YES;
				CLANG_WARN_RANGE_LOOP_ANALYSIS = YES;
				CLANG_WARN_STRICT_PROTOTYPES = YES;
				CLANG_WARN_SUSPICIOUS_MOVE = YES;
				CLANG_WARN_UNGUARDED_AVAILABILITY = YES_AGGRESSIVE;
				CLANG_WARN_UNREACHABLE_CODE = YES;
				CLANG_WARN__DUPLICATE_METHOD_MATCH = YES;
				COPY_PHASE_STRIP = NO;
				DEBUG_INFORMATION_FORMAT = "dwarf-with-dsym";
				ENABLE_NS_ASSERTIONS = NO;
				ENABLE_STRICT_OBJC_MSGSEND = YES;
				GCC_C_LANGUAGE_STANDARD = gnu11;
				GCC_NO_COMMON_BLOCKS = YES;
				GCC_WARN_64_TO_32_BIT_CONVERSION = YES;
				GCC_WARN_ABOUT_RETURN_TYPE = YES_ERROR;
				GCC_WARN_UNDECLARED_SELECTOR = YES;
				GCC_WARN_UNINITIALIZED_AUTOS = YES_AGGRESSIVE;
				GCC_WARN_UNUSED_FUNCTION = YES;
				GCC_WARN_UNUSED_VARIABLE = YES;
				MACOSX_DEPLOYMENT_TARGET = 10.15;
				MTL_ENABLE_DEBUG_INFO = NO;
				MTL_FAST_MATH = YES;
				SDKROOT = macosx;
			};
			name = Release;
		};
		799F380C253623F300AE04DE /* Debug */ = {
			isa = XCBuildConfiguration;
			buildSettings = {
				CODE_SIGN_STYLE = Automatic;
				PRODUCT_NAME = "$(TARGET_NAME)";
			};
			name = Debug;
		};
		799F380D253623F300AE04DE /* Release */ = {
			isa = XCBuildConfiguration;
			buildSettings = {
				CODE_SIGN_STYLE = Automatic;
				PRODUCT_NAME = "$(TARGET_NAME)";
			};
			name = Release;
		};
/* End XCBuildConfiguration section */

/* Begin XCConfigurationList section */
		799F37FF253623F200AE04DE /* Build configuration list for PBXProject "Project 3" */ = {
			isa = XCConfigurationList;
			buildConfigurations = (
				799F3809253623F300AE04DE /* Debug */,
				799F380A253623F300AE04DE /* Release */,
			);
			defaultConfigurationIsVisible = 0;
			defaultConfigurationName = Release;
		};
		799F380B253623F300AE04DE /* Build configuration list for PBXNativeTarget "Project 3" */ = {
			isa = XCConfigurationList;
			buildConfigurations = (
				799F380C253623F300AE04DE /* Debug */,
				799F380D253623F300AE04DE /* Release */,
			);
			defaultConfigurationIsVisible = 0;
			defaultConfigurationName = Release;
		};
/* End XCConfigurationList section */
	};
	rootObject = 799F37FC253623F200AE04DE /* Project object */;
}
